// !$*UTF8*$!
{
	archiveVersion = 1;
	classes = {
	};
	objectVersion = 50;
	objects = {

/* Begin PBXBuildFile section */
		11649F30223502E00081ABA1 /* Assets.xcassets in Resources */ = {isa = PBXBuildFile; fileRef = 11649F24223502E00081ABA1 /* Assets.xcassets */; };
		11649F31223502E00081ABA1 /* LaunchScreen.storyboard in Resources */ = {isa = PBXBuildFile; fileRef = 11649F25223502E00081ABA1 /* LaunchScreen.storyboard */; };
		11649F32223502E00081ABA1 /* Main.storyboard in Resources */ = {isa = PBXBuildFile; fileRef = 11649F27223502E00081ABA1 /* Main.storyboard */; };
		11649F34223502E00081ABA1 /* AppDelegate.swift in Sources */ = {isa = PBXBuildFile; fileRef = 11649F2C223502E00081ABA1 /* AppDelegate.swift */; };
		11649F35223502E00081ABA1 /* MainViewController.swift in Sources */ = {isa = PBXBuildFile; fileRef = 11649F2F223502E00081ABA1 /* MainViewController.swift */; };
		11649FCF223533C30081ABA1 /* ColorTagTableViewCell.xib in Resources */ = {isa = PBXBuildFile; fileRef = 11649FB4223533C30081ABA1 /* ColorTagTableViewCell.xib */; };
		11649FD0223533C30081ABA1 /* ColorTagTableViewCell.swift in Sources */ = {isa = PBXBuildFile; fileRef = 11649FB5223533C30081ABA1 /* ColorTagTableViewCell.swift */; };
		11649FD1223533C30081ABA1 /* ColorTagTableViewCellModel.swift in Sources */ = {isa = PBXBuildFile; fileRef = 11649FB7223533C30081ABA1 /* ColorTagTableViewCellModel.swift */; };
		11649FD2223533C30081ABA1 /* TableViewHeaderViewModel.swift in Sources */ = {isa = PBXBuildFile; fileRef = 11649FBA223533C30081ABA1 /* TableViewHeaderViewModel.swift */; };
		11649FD3223533C30081ABA1 /* TableViewHeaderView.swift in Sources */ = {isa = PBXBuildFile; fileRef = 11649FBC223533C30081ABA1 /* TableViewHeaderView.swift */; };
		11649FD4223533C30081ABA1 /* TableViewHeaderView.xib in Resources */ = {isa = PBXBuildFile; fileRef = 11649FBD223533C30081ABA1 /* TableViewHeaderView.xib */; };
		11649FD5223533C30081ABA1 /* ButtonTableViewCell.xib in Resources */ = {isa = PBXBuildFile; fileRef = 11649FC0223533C30081ABA1 /* ButtonTableViewCell.xib */; };
		11649FD6223533C30081ABA1 /* ButtonTableViewCell.swift in Sources */ = {isa = PBXBuildFile; fileRef = 11649FC1223533C30081ABA1 /* ButtonTableViewCell.swift */; };
		11649FD7223533C30081ABA1 /* ButtonTableViewCellModel.swift in Sources */ = {isa = PBXBuildFile; fileRef = 11649FC3223533C30081ABA1 /* ButtonTableViewCellModel.swift */; };
		11649FD8223533C30081ABA1 /* BaseTableViewCell.swift in Sources */ = {isa = PBXBuildFile; fileRef = 11649FC6223533C30081ABA1 /* BaseTableViewCell.swift */; };
		11649FD9223533C30081ABA1 /* BaseTableViewCellModel.swift in Sources */ = {isa = PBXBuildFile; fileRef = 11649FC8223533C30081ABA1 /* BaseTableViewCellModel.swift */; };
		11649FDA223533C30081ABA1 /* ChartTableViewCell.xib in Resources */ = {isa = PBXBuildFile; fileRef = 11649FCB223533C30081ABA1 /* ChartTableViewCell.xib */; };
		11649FDB223533C30081ABA1 /* ChartTableViewCell.swift in Sources */ = {isa = PBXBuildFile; fileRef = 11649FCC223533C30081ABA1 /* ChartTableViewCell.swift */; };
		11649FDC223533C30081ABA1 /* ChartTableViewCellModel.swift in Sources */ = {isa = PBXBuildFile; fileRef = 11649FCE223533C30081ABA1 /* ChartTableViewCellModel.swift */; };
		11649FDE2235386C0081ABA1 /* Colors.swift in Sources */ = {isa = PBXBuildFile; fileRef = 11649FDD2235386C0081ABA1 /* Colors.swift */; };
		11649FE222353DF10081ABA1 /* String+Localized.swift in Sources */ = {isa = PBXBuildFile; fileRef = 11649FE122353DF10081ABA1 /* String+Localized.swift */; };
		11649FE522353E180081ABA1 /* Localizable.strings in Resources */ = {isa = PBXBuildFile; fileRef = 11649FE722353E180081ABA1 /* Localizable.strings */; };
		11649FEB223542B60081ABA1 /* TableViewStructure.swift in Sources */ = {isa = PBXBuildFile; fileRef = 11649FE9223542B60081ABA1 /* TableViewStructure.swift */; };
		11649FEC223542B60081ABA1 /* Theme.swift in Sources */ = {isa = PBXBuildFile; fileRef = 11649FEA223542B60081ABA1 /* Theme.swift */; };
		11649FEE223561F80081ABA1 /* UITableView+VisibleSectionHeaders.swift in Sources */ = {isa = PBXBuildFile; fileRef = 11649FED223561F80081ABA1 /* UITableView+VisibleSectionHeaders.swift */; };
		11AD8659223593C8003B150A /* RootNavigationController.swift in Sources */ = {isa = PBXBuildFile; fileRef = 11AD8658223593C8003B150A /* RootNavigationController.swift */; };
/* End PBXBuildFile section */

/* Begin PBXFileReference section */
		11649F0E223502800081ABA1 /* TelegramCharts.app */ = {isa = PBXFileReference; explicitFileType = wrapper.application; includeInIndex = 0; path = TelegramCharts.app; sourceTree = BUILT_PRODUCTS_DIR; };
		11649F24223502E00081ABA1 /* Assets.xcassets */ = {isa = PBXFileReference; lastKnownFileType = folder.assetcatalog; path = Assets.xcassets; sourceTree = "<group>"; };
		11649F26223502E00081ABA1 /* Base */ = {isa = PBXFileReference; lastKnownFileType = file.storyboard; name = Base; path = Base.lproj/LaunchScreen.storyboard; sourceTree = "<group>"; };
		11649F28223502E00081ABA1 /* Base */ = {isa = PBXFileReference; lastKnownFileType = file.storyboard; name = Base; path = Base.lproj/Main.storyboard; sourceTree = "<group>"; };
		11649F29223502E00081ABA1 /* Info.plist */ = {isa = PBXFileReference; fileEncoding = 4; lastKnownFileType = text.plist.xml; path = Info.plist; sourceTree = "<group>"; };
		11649F2C223502E00081ABA1 /* AppDelegate.swift */ = {isa = PBXFileReference; fileEncoding = 4; lastKnownFileType = sourcecode.swift; path = AppDelegate.swift; sourceTree = "<group>"; };
		11649F2F223502E00081ABA1 /* MainViewController.swift */ = {isa = PBXFileReference; fileEncoding = 4; lastKnownFileType = sourcecode.swift; path = MainViewController.swift; sourceTree = "<group>"; };
		11649FB4223533C30081ABA1 /* ColorTagTableViewCell.xib */ = {isa = PBXFileReference; fileEncoding = 4; lastKnownFileType = file.xib; path = ColorTagTableViewCell.xib; sourceTree = "<group>"; };
		11649FB5223533C30081ABA1 /* ColorTagTableViewCell.swift */ = {isa = PBXFileReference; fileEncoding = 4; lastKnownFileType = sourcecode.swift; path = ColorTagTableViewCell.swift; sourceTree = "<group>"; };
		11649FB7223533C30081ABA1 /* ColorTagTableViewCellModel.swift */ = {isa = PBXFileReference; fileEncoding = 4; lastKnownFileType = sourcecode.swift; path = ColorTagTableViewCellModel.swift; sourceTree = "<group>"; };
		11649FBA223533C30081ABA1 /* TableViewHeaderViewModel.swift */ = {isa = PBXFileReference; fileEncoding = 4; lastKnownFileType = sourcecode.swift; path = TableViewHeaderViewModel.swift; sourceTree = "<group>"; };
		11649FBC223533C30081ABA1 /* TableViewHeaderView.swift */ = {isa = PBXFileReference; fileEncoding = 4; lastKnownFileType = sourcecode.swift; path = TableViewHeaderView.swift; sourceTree = "<group>"; };
		11649FBD223533C30081ABA1 /* TableViewHeaderView.xib */ = {isa = PBXFileReference; fileEncoding = 4; lastKnownFileType = file.xib; path = TableViewHeaderView.xib; sourceTree = "<group>"; };
		11649FC0223533C30081ABA1 /* ButtonTableViewCell.xib */ = {isa = PBXFileReference; fileEncoding = 4; lastKnownFileType = file.xib; path = ButtonTableViewCell.xib; sourceTree = "<group>"; };
		11649FC1223533C30081ABA1 /* ButtonTableViewCell.swift */ = {isa = PBXFileReference; fileEncoding = 4; lastKnownFileType = sourcecode.swift; path = ButtonTableViewCell.swift; sourceTree = "<group>"; };
		11649FC3223533C30081ABA1 /* ButtonTableViewCellModel.swift */ = {isa = PBXFileReference; fileEncoding = 4; lastKnownFileType = sourcecode.swift; path = ButtonTableViewCellModel.swift; sourceTree = "<group>"; };
		11649FC6223533C30081ABA1 /* BaseTableViewCell.swift */ = {isa = PBXFileReference; fileEncoding = 4; lastKnownFileType = sourcecode.swift; path = BaseTableViewCell.swift; sourceTree = "<group>"; };
		11649FC8223533C30081ABA1 /* BaseTableViewCellModel.swift */ = {isa = PBXFileReference; fileEncoding = 4; lastKnownFileType = sourcecode.swift; path = BaseTableViewCellModel.swift; sourceTree = "<group>"; };
		11649FCB223533C30081ABA1 /* ChartTableViewCell.xib */ = {isa = PBXFileReference; fileEncoding = 4; lastKnownFileType = file.xib; path = ChartTableViewCell.xib; sourceTree = "<group>"; };
		11649FCC223533C30081ABA1 /* ChartTableViewCell.swift */ = {isa = PBXFileReference; fileEncoding = 4; lastKnownFileType = sourcecode.swift; path = ChartTableViewCell.swift; sourceTree = "<group>"; };
		11649FCE223533C30081ABA1 /* ChartTableViewCellModel.swift */ = {isa = PBXFileReference; fileEncoding = 4; lastKnownFileType = sourcecode.swift; path = ChartTableViewCellModel.swift; sourceTree = "<group>"; };
		11649FDD2235386C0081ABA1 /* Colors.swift */ = {isa = PBXFileReference; lastKnownFileType = sourcecode.swift; path = Colors.swift; sourceTree = "<group>"; };
		11649FE122353DF10081ABA1 /* String+Localized.swift */ = {isa = PBXFileReference; lastKnownFileType = sourcecode.swift; path = "String+Localized.swift"; sourceTree = "<group>"; };
		11649FE622353E180081ABA1 /* en */ = {isa = PBXFileReference; lastKnownFileType = text.plist.strings; name = en; path = en.lproj/Localizable.strings; sourceTree = "<group>"; };
		11649FE9223542B60081ABA1 /* TableViewStructure.swift */ = {isa = PBXFileReference; fileEncoding = 4; lastKnownFileType = sourcecode.swift; path = TableViewStructure.swift; sourceTree = "<group>"; };
		11649FEA223542B60081ABA1 /* Theme.swift */ = {isa = PBXFileReference; fileEncoding = 4; lastKnownFileType = sourcecode.swift; path = Theme.swift; sourceTree = "<group>"; };
		11649FED223561F80081ABA1 /* UITableView+VisibleSectionHeaders.swift */ = {isa = PBXFileReference; lastKnownFileType = sourcecode.swift; path = "UITableView+VisibleSectionHeaders.swift"; sourceTree = "<group>"; };
		11AD8658223593C8003B150A /* RootNavigationController.swift */ = {isa = PBXFileReference; lastKnownFileType = sourcecode.swift; path = RootNavigationController.swift; sourceTree = "<group>"; };
/* End PBXFileReference section */

/* Begin PBXFrameworksBuildPhase section */
		11649F0B223502800081ABA1 /* Frameworks */ = {
			isa = PBXFrameworksBuildPhase;
			buildActionMask = 2147483647;
			files = (
			);
			runOnlyForDeploymentPostprocessing = 0;
		};
/* End PBXFrameworksBuildPhase section */

/* Begin PBXGroup section */
		11649F05223502800081ABA1 = {
			isa = PBXGroup;
			children = (
				11649F10223502800081ABA1 /* TelegramCharts */,
				11649F0F223502800081ABA1 /* Products */,
			);
			sourceTree = "<group>";
		};
		11649F0F223502800081ABA1 /* Products */ = {
			isa = PBXGroup;
			children = (
				11649F0E223502800081ABA1 /* TelegramCharts.app */,
			);
			name = Products;
			sourceTree = "<group>";
		};
		11649F10223502800081ABA1 /* TelegramCharts */ = {
			isa = PBXGroup;
			children = (
				11649F23223502E00081ABA1 /* Resource */,
				11649F2A223502E00081ABA1 /* Source */,
			);
			path = TelegramCharts;
			sourceTree = "<group>";
		};
		11649F23223502E00081ABA1 /* Resource */ = {
			isa = PBXGroup;
			children = (
				11649F24223502E00081ABA1 /* Assets.xcassets */,
				11649F25223502E00081ABA1 /* LaunchScreen.storyboard */,
				11649F27223502E00081ABA1 /* Main.storyboard */,
				11649F29223502E00081ABA1 /* Info.plist */,
				11649FE722353E180081ABA1 /* Localizable.strings */,
			);
			path = Resource;
			sourceTree = "<group>";
		};
		11649F2A223502E00081ABA1 /* Source */ = {
			isa = PBXGroup;
			children = (
				11649F2B223502E00081ABA1 /* Other */,
				11649FE8223542B60081ABA1 /* Models */,
				11649F362235033B0081ABA1 /* Helpers */,
				11649F372235033B0081ABA1 /* Services */,
				11649F53223505B30081ABA1 /* Components */,
				11649F2E223502E00081ABA1 /* Controllers */,
			);
			path = Source;
			sourceTree = "<group>";
		};
		11649F2B223502E00081ABA1 /* Other */ = {
			isa = PBXGroup;
			children = (
				11649F2C223502E00081ABA1 /* AppDelegate.swift */,
			);
			path = Other;
			sourceTree = "<group>";
		};
		11649F2E223502E00081ABA1 /* Controllers */ = {
			isa = PBXGroup;
			children = (
				11AD8658223593C8003B150A /* RootNavigationController.swift */,
				11649F2F223502E00081ABA1 /* MainViewController.swift */,
			);
			path = Controllers;
			sourceTree = "<group>";
		};
		11649F362235033B0081ABA1 /* Helpers */ = {
			isa = PBXGroup;
			children = (
				11649FDD2235386C0081ABA1 /* Colors.swift */,
				11649FE122353DF10081ABA1 /* String+Localized.swift */,
				11649FED223561F80081ABA1 /* UITableView+VisibleSectionHeaders.swift */,
			);
			path = Helpers;
			sourceTree = "<group>";
		};
		11649F372235033B0081ABA1 /* Services */ = {
			isa = PBXGroup;
			children = (
			);
			path = Services;
			sourceTree = "<group>";
		};
		11649F53223505B30081ABA1 /* Components */ = {
			isa = PBXGroup;
			children = (
				11649FB1223533C30081ABA1 /* Cells */,
			);
			path = Components;
			sourceTree = "<group>";
		};
		11649FB1223533C30081ABA1 /* Cells */ = {
			isa = PBXGroup;
			children = (
				11649FC4223533C30081ABA1 /* BaseCell */,
				11649FB2223533C30081ABA1 /* ColorTagCell */,
				11649FBE223533C30081ABA1 /* ButtonCell */,
				11649FC9223533C30081ABA1 /* ChartCell */,
				11649FB8223533C30081ABA1 /* HeaderView */,
			);
			path = Cells;
			sourceTree = "<group>";
		};
		11649FB2223533C30081ABA1 /* ColorTagCell */ = {
			isa = PBXGroup;
			children = (
				11649FB3223533C30081ABA1 /* Cell */,
				11649FB6223533C30081ABA1 /* Model */,
			);
			path = ColorTagCell;
			sourceTree = "<group>";
		};
		11649FB3223533C30081ABA1 /* Cell */ = {
			isa = PBXGroup;
			children = (
				11649FB4223533C30081ABA1 /* ColorTagTableViewCell.xib */,
				11649FB5223533C30081ABA1 /* ColorTagTableViewCell.swift */,
			);
			path = Cell;
			sourceTree = "<group>";
		};
		11649FB6223533C30081ABA1 /* Model */ = {
			isa = PBXGroup;
			children = (
				11649FB7223533C30081ABA1 /* ColorTagTableViewCellModel.swift */,
			);
			path = Model;
			sourceTree = "<group>";
		};
		11649FB8223533C30081ABA1 /* HeaderView */ = {
			isa = PBXGroup;
			children = (
				11649FBB223533C30081ABA1 /* View */,
				11649FB9223533C30081ABA1 /* Model */,
			);
			path = HeaderView;
			sourceTree = "<group>";
		};
		11649FB9223533C30081ABA1 /* Model */ = {
			isa = PBXGroup;
			children = (
				11649FBA223533C30081ABA1 /* TableViewHeaderViewModel.swift */,
			);
			path = Model;
			sourceTree = "<group>";
		};
		11649FBB223533C30081ABA1 /* View */ = {
			isa = PBXGroup;
			children = (
				11649FBD223533C30081ABA1 /* TableViewHeaderView.xib */,
				11649FBC223533C30081ABA1 /* TableViewHeaderView.swift */,
			);
			path = View;
			sourceTree = "<group>";
		};
		11649FBE223533C30081ABA1 /* ButtonCell */ = {
			isa = PBXGroup;
			children = (
				11649FBF223533C30081ABA1 /* Cell */,
				11649FC2223533C30081ABA1 /* Model */,
			);
			path = ButtonCell;
			sourceTree = "<group>";
		};
		11649FBF223533C30081ABA1 /* Cell */ = {
			isa = PBXGroup;
			children = (
				11649FC0223533C30081ABA1 /* ButtonTableViewCell.xib */,
				11649FC1223533C30081ABA1 /* ButtonTableViewCell.swift */,
			);
			path = Cell;
			sourceTree = "<group>";
		};
		11649FC2223533C30081ABA1 /* Model */ = {
			isa = PBXGroup;
			children = (
				11649FC3223533C30081ABA1 /* ButtonTableViewCellModel.swift */,
			);
			path = Model;
			sourceTree = "<group>";
		};
		11649FC4223533C30081ABA1 /* BaseCell */ = {
			isa = PBXGroup;
			children = (
				11649FC5223533C30081ABA1 /* Cell */,
				11649FC7223533C30081ABA1 /* Model */,
			);
			path = BaseCell;
			sourceTree = "<group>";
		};
		11649FC5223533C30081ABA1 /* Cell */ = {
			isa = PBXGroup;
			children = (
				11649FC6223533C30081ABA1 /* BaseTableViewCell.swift */,
			);
			path = Cell;
			sourceTree = "<group>";
		};
		11649FC7223533C30081ABA1 /* Model */ = {
			isa = PBXGroup;
			children = (
				11649FC8223533C30081ABA1 /* BaseTableViewCellModel.swift */,
			);
			path = Model;
			sourceTree = "<group>";
		};
		11649FC9223533C30081ABA1 /* ChartCell */ = {
			isa = PBXGroup;
			children = (
				11649FCA223533C30081ABA1 /* Cell */,
				11649FCD223533C30081ABA1 /* Model */,
			);
			path = ChartCell;
			sourceTree = "<group>";
		};
		11649FCA223533C30081ABA1 /* Cell */ = {
			isa = PBXGroup;
			children = (
				11649FCB223533C30081ABA1 /* ChartTableViewCell.xib */,
				11649FCC223533C30081ABA1 /* ChartTableViewCell.swift */,
			);
			path = Cell;
			sourceTree = "<group>";
		};
		11649FCD223533C30081ABA1 /* Model */ = {
			isa = PBXGroup;
			children = (
				11649FCE223533C30081ABA1 /* ChartTableViewCellModel.swift */,
			);
			path = Model;
			sourceTree = "<group>";
		};
		11649FE8223542B60081ABA1 /* Models */ = {
			isa = PBXGroup;
			children = (
				11649FE9223542B60081ABA1 /* TableViewStructure.swift */,
				11649FEA223542B60081ABA1 /* Theme.swift */,
			);
			path = Models;
			sourceTree = "<group>";
		};
/* End PBXGroup section */

/* Begin PBXNativeTarget section */
		11649F0D223502800081ABA1 /* TelegramCharts */ = {
			isa = PBXNativeTarget;
			buildConfigurationList = 11649F20223502830081ABA1 /* Build configuration list for PBXNativeTarget "TelegramCharts" */;
			buildPhases = (
				11649F0A223502800081ABA1 /* Sources */,
				11649F0B223502800081ABA1 /* Frameworks */,
				11649F0C223502800081ABA1 /* Resources */,
			);
			buildRules = (
			);
			dependencies = (
			);
			name = TelegramCharts;
			productName = TelegramCharts;
			productReference = 11649F0E223502800081ABA1 /* TelegramCharts.app */;
			productType = "com.apple.product-type.application";
		};
/* End PBXNativeTarget section */

/* Begin PBXProject section */
		11649F06223502800081ABA1 /* Project object */ = {
			isa = PBXProject;
			attributes = {
				LastSwiftUpdateCheck = 1010;
				LastUpgradeCheck = 1010;
				ORGANIZATIONNAME = Rost;
				TargetAttributes = {
					11649F0D223502800081ABA1 = {
						CreatedOnToolsVersion = 10.1;
					};
				};
			};
			buildConfigurationList = 11649F09223502800081ABA1 /* Build configuration list for PBXProject "TelegramCharts" */;
			compatibilityVersion = "Xcode 9.3";
			developmentRegion = en;
			hasScannedForEncodings = 0;
			knownRegions = (
				en,
				Base,
			);
			mainGroup = 11649F05223502800081ABA1;
			productRefGroup = 11649F0F223502800081ABA1 /* Products */;
			projectDirPath = "";
			projectRoot = "";
			targets = (
				11649F0D223502800081ABA1 /* TelegramCharts */,
			);
		};
/* End PBXProject section */

/* Begin PBXResourcesBuildPhase section */
		11649F0C223502800081ABA1 /* Resources */ = {
			isa = PBXResourcesBuildPhase;
			buildActionMask = 2147483647;
			files = (
				11649FCF223533C30081ABA1 /* ColorTagTableViewCell.xib in Resources */,
				11649FD5223533C30081ABA1 /* ButtonTableViewCell.xib in Resources */,
				11649F32223502E00081ABA1 /* Main.storyboard in Resources */,
				11649F30223502E00081ABA1 /* Assets.xcassets in Resources */,
				11649FDA223533C30081ABA1 /* ChartTableViewCell.xib in Resources */,
				11649FE522353E180081ABA1 /* Localizable.strings in Resources */,
				11649F31223502E00081ABA1 /* LaunchScreen.storyboard in Resources */,
				11649FD4223533C30081ABA1 /* TableViewHeaderView.xib in Resources */,
			);
			runOnlyForDeploymentPostprocessing = 0;
		};
/* End PBXResourcesBuildPhase section */

/* Begin PBXSourcesBuildPhase section */
		11649F0A223502800081ABA1 /* Sources */ = {
			isa = PBXSourcesBuildPhase;
			buildActionMask = 2147483647;
			files = (
				11649FDB223533C30081ABA1 /* ChartTableViewCell.swift in Sources */,
				11649FD3223533C30081ABA1 /* TableViewHeaderView.swift in Sources */,
				11649FD0223533C30081ABA1 /* ColorTagTableViewCell.swift in Sources */,
				11649FEB223542B60081ABA1 /* TableViewStructure.swift in Sources */,
				11649FDE2235386C0081ABA1 /* Colors.swift in Sources */,
				11649FD1223533C30081ABA1 /* ColorTagTableViewCellModel.swift in Sources */,
				11649FD6223533C30081ABA1 /* ButtonTableViewCell.swift in Sources */,
				11649FD9223533C30081ABA1 /* BaseTableViewCellModel.swift in Sources */,
				11649FD2223533C30081ABA1 /* TableViewHeaderViewModel.swift in Sources */,
				11649FEC223542B60081ABA1 /* Theme.swift in Sources */,
				11649F35223502E00081ABA1 /* MainViewController.swift in Sources */,
				11AD8659223593C8003B150A /* RootNavigationController.swift in Sources */,
				11649FEE223561F80081ABA1 /* UITableView+VisibleSectionHeaders.swift in Sources */,
				11649FE222353DF10081ABA1 /* String+Localized.swift in Sources */,
				11649FDC223533C30081ABA1 /* ChartTableViewCellModel.swift in Sources */,
				11649F34223502E00081ABA1 /* AppDelegate.swift in Sources */,
				11649FD8223533C30081ABA1 /* BaseTableViewCell.swift in Sources */,
				11649FD7223533C30081ABA1 /* ButtonTableViewCellModel.swift in Sources */,
			);
			runOnlyForDeploymentPostprocessing = 0;
		};
/* End PBXSourcesBuildPhase section */

/* Begin PBXVariantGroup section */
		11649F25223502E00081ABA1 /* LaunchScreen.storyboard */ = {
			isa = PBXVariantGroup;
			children = (
				11649F26223502E00081ABA1 /* Base */,
			);
			name = LaunchScreen.storyboard;
			sourceTree = "<group>";
		};
		11649F27223502E00081ABA1 /* Main.storyboard */ = {
			isa = PBXVariantGroup;
			children = (
				11649F28223502E00081ABA1 /* Base */,
			);
			name = Main.storyboard;
			sourceTree = "<group>";
		};
		11649FE722353E180081ABA1 /* Localizable.strings */ = {
			isa = PBXVariantGroup;
			children = (
				11649FE622353E180081ABA1 /* en */,
			);
			name = Localizable.strings;
			sourceTree = "<group>";
		};
/* End PBXVariantGroup section */

/* Begin XCBuildConfiguration section */
		11649F1E223502830081ABA1 /* Debug */ = {
			isa = XCBuildConfiguration;
			buildSettings = {
				ALWAYS_SEARCH_USER_PATHS = NO;
				CLANG_ANALYZER_NONNULL = YES;
				CLANG_ANALYZER_NUMBER_OBJECT_CONVERSION = YES_AGGRESSIVE;
				CLANG_CXX_LANGUAGE_STANDARD = "gnu++14";
				CLANG_CXX_LIBRARY = "libc++";
				CLANG_ENABLE_MODULES = YES;
				CLANG_ENABLE_OBJC_ARC = YES;
				CLANG_ENABLE_OBJC_WEAK = YES;
				CLANG_WARN_BLOCK_CAPTURE_AUTORELEASING = YES;
				CLANG_WARN_BOOL_CONVERSION = YES;
				CLANG_WARN_COMMA = YES;
				CLANG_WARN_CONSTANT_CONVERSION = YES;
				CLANG_WARN_DEPRECATED_OBJC_IMPLEMENTATIONS = YES;
				CLANG_WARN_DIRECT_OBJC_ISA_USAGE = YES_ERROR;
				CLANG_WARN_DOCUMENTATION_COMMENTS = YES;
				CLANG_WARN_EMPTY_BODY = YES;
				CLANG_WARN_ENUM_CONVERSION = YES;
				CLANG_WARN_INFINITE_RECURSION = YES;
				CLANG_WARN_INT_CONVERSION = YES;
				CLANG_WARN_NON_LITERAL_NULL_CONVERSION = YES;
				CLANG_WARN_OBJC_IMPLICIT_RETAIN_SELF = YES;
				CLANG_WARN_OBJC_LITERAL_CONVERSION = YES;
				CLANG_WARN_OBJC_ROOT_CLASS = YES_ERROR;
				CLANG_WARN_RANGE_LOOP_ANALYSIS = YES;
				CLANG_WARN_STRICT_PROTOTYPES = YES;
				CLANG_WARN_SUSPICIOUS_MOVE = YES;
				CLANG_WARN_UNGUARDED_AVAILABILITY = YES_AGGRESSIVE;
				CLANG_WARN_UNREACHABLE_CODE = YES;
				CLANG_WARN__DUPLICATE_METHOD_MATCH = YES;
				CODE_SIGN_IDENTITY = "iPhone Developer";
				COPY_PHASE_STRIP = NO;
				DEBUG_INFORMATION_FORMAT = dwarf;
				ENABLE_STRICT_OBJC_MSGSEND = YES;
				ENABLE_TESTABILITY = YES;
				GCC_C_LANGUAGE_STANDARD = gnu11;
				GCC_DYNAMIC_NO_PIC = NO;
				GCC_NO_COMMON_BLOCKS = YES;
				GCC_OPTIMIZATION_LEVEL = 0;
				GCC_PREPROCESSOR_DEFINITIONS = (
					"DEBUG=1",
					"$(inherited)",
				);
				GCC_WARN_64_TO_32_BIT_CONVERSION = YES;
				GCC_WARN_ABOUT_RETURN_TYPE = YES_ERROR;
				GCC_WARN_UNDECLARED_SELECTOR = YES;
				GCC_WARN_UNINITIALIZED_AUTOS = YES_AGGRESSIVE;
				GCC_WARN_UNUSED_FUNCTION = YES;
				GCC_WARN_UNUSED_VARIABLE = YES;
				IPHONEOS_DEPLOYMENT_TARGET = 12.1;
				MTL_ENABLE_DEBUG_INFO = INCLUDE_SOURCE;
				MTL_FAST_MATH = YES;
				ONLY_ACTIVE_ARCH = YES;
				SDKROOT = iphoneos;
				SWIFT_ACTIVE_COMPILATION_CONDITIONS = DEBUG;
				SWIFT_OPTIMIZATION_LEVEL = "-Onone";
			};
			name = Debug;
		};
		11649F1F223502830081ABA1 /* Release */ = {
			isa = XCBuildConfiguration;
			buildSettings = {
				ALWAYS_SEARCH_USER_PATHS = NO;
				CLANG_ANALYZER_NONNULL = YES;
				CLANG_ANALYZER_NUMBER_OBJECT_CONVERSION = YES_AGGRESSIVE;
				CLANG_CXX_LANGUAGE_STANDARD = "gnu++14";
				CLANG_CXX_LIBRARY = "libc++";
				CLANG_ENABLE_MODULES = YES;
				CLANG_ENABLE_OBJC_ARC = YES;
				CLANG_ENABLE_OBJC_WEAK = YES;
				CLANG_WARN_BLOCK_CAPTURE_AUTORELEASING = YES;
				CLANG_WARN_BOOL_CONVERSION = YES;
				CLANG_WARN_COMMA = YES;
				CLANG_WARN_CONSTANT_CONVERSION = YES;
				CLANG_WARN_DEPRECATED_OBJC_IMPLEMENTATIONS = YES;
				CLANG_WARN_DIRECT_OBJC_ISA_USAGE = YES_ERROR;
				CLANG_WARN_DOCUMENTATION_COMMENTS = YES;
				CLANG_WARN_EMPTY_BODY = YES;
				CLANG_WARN_ENUM_CONVERSION = YES;
				CLANG_WARN_INFINITE_RECURSION = YES;
				CLANG_WARN_INT_CONVERSION = YES;
				CLANG_WARN_NON_LITERAL_NULL_CONVERSION = YES;
				CLANG_WARN_OBJC_IMPLICIT_RETAIN_SELF = YES;
				CLANG_WARN_OBJC_LITERAL_CONVERSION = YES;
				CLANG_WARN_OBJC_ROOT_CLASS = YES_ERROR;
				CLANG_WARN_RANGE_LOOP_ANALYSIS = YES;
				CLANG_WARN_STRICT_PROTOTYPES = YES;
				CLANG_WARN_SUSPICIOUS_MOVE = YES;
				CLANG_WARN_UNGUARDED_AVAILABILITY = YES_AGGRESSIVE;
				CLANG_WARN_UNREACHABLE_CODE = YES;
				CLANG_WARN__DUPLICATE_METHOD_MATCH = YES;
				CODE_SIGN_IDENTITY = "iPhone Developer";
				COPY_PHASE_STRIP = NO;
				DEBUG_INFORMATION_FORMAT = "dwarf-with-dsym";
				ENABLE_NS_ASSERTIONS = NO;
				ENABLE_STRICT_OBJC_MSGSEND = YES;
				GCC_C_LANGUAGE_STANDARD = gnu11;
				GCC_NO_COMMON_BLOCKS = YES;
				GCC_WARN_64_TO_32_BIT_CONVERSION = YES;
				GCC_WARN_ABOUT_RETURN_TYPE = YES_ERROR;
				GCC_WARN_UNDECLARED_SELECTOR = YES;
				GCC_WARN_UNINITIALIZED_AUTOS = YES_AGGRESSIVE;
				GCC_WARN_UNUSED_FUNCTION = YES;
				GCC_WARN_UNUSED_VARIABLE = YES;
				IPHONEOS_DEPLOYMENT_TARGET = 12.1;
				MTL_ENABLE_DEBUG_INFO = NO;
				MTL_FAST_MATH = YES;
				SDKROOT = iphoneos;
				SWIFT_COMPILATION_MODE = wholemodule;
				SWIFT_OPTIMIZATION_LEVEL = "-O";
				VALIDATE_PRODUCT = YES;
			};
			name = Release;
		};
		11649F21223502830081ABA1 /* Debug */ = {
			isa = XCBuildConfiguration;
			buildSettings = {
				ASSETCATALOG_COMPILER_APPICON_NAME = AppIcon;
				CODE_SIGN_STYLE = Automatic;
				DEVELOPMENT_TEAM = 4DZU58EZPK;
				INFOPLIST_FILE = "$(SRCROOT)/TelegramCharts/Resource/Info.plist";
				LD_RUNPATH_SEARCH_PATHS = (
					"$(inherited)",
					"@executable_path/Frameworks",
				);
				PRODUCT_BUNDLE_IDENTIFIER = com.rost.TelegramCharts;
				PRODUCT_NAME = "$(TARGET_NAME)";
				SWIFT_VERSION = 4.2;
				TARGETED_DEVICE_FAMILY = "1,2";
			};
			name = Debug;
		};
		11649F22223502830081ABA1 /* Release */ = {
			isa = XCBuildConfiguration;
			buildSettings = {
				ASSETCATALOG_COMPILER_APPICON_NAME = AppIcon;
				CODE_SIGN_STYLE = Automatic;
				DEVELOPMENT_TEAM = 4DZU58EZPK;
				INFOPLIST_FILE = "$(SRCROOT)/TelegramCharts/Resource/Info.plist";
				LD_RUNPATH_SEARCH_PATHS = (
					"$(inherited)",
					"@executable_path/Frameworks",
				);
				PRODUCT_BUNDLE_IDENTIFIER = com.rost.TelegramCharts;
				PRODUCT_NAME = "$(TARGET_NAME)";
				SWIFT_VERSION = 4.2;
				TARGETED_DEVICE_FAMILY = "1,2";
			};
			name = Release;
		};
/* End XCBuildConfiguration section */

/* Begin XCConfigurationList section */
		11649F09223502800081ABA1 /* Build configuration list for PBXProject "TelegramCharts" */ = {
			isa = XCConfigurationList;
			buildConfigurations = (
				11649F1E223502830081ABA1 /* Debug */,
				11649F1F223502830081ABA1 /* Release */,
			);
			defaultConfigurationIsVisible = 0;
			defaultConfigurationName = Release;
		};
		11649F20223502830081ABA1 /* Build configuration list for PBXNativeTarget "TelegramCharts" */ = {
			isa = XCConfigurationList;
			buildConfigurations = (
				11649F21223502830081ABA1 /* Debug */,
				11649F22223502830081ABA1 /* Release */,
			);
			defaultConfigurationIsVisible = 0;
			defaultConfigurationName = Release;
		};
/* End XCConfigurationList section */
	};
	rootObject = 11649F06223502800081ABA1 /* Project object */;
}
