// !$*UTF8*$!
{
	archiveVersion = 1;
	classes = {
	};
	objectVersion = 50;
	objects = {

/* Begin PBXBuildFile section */
		1074DA38223913B6006C1D51 /* chart_data.json in Resources */ = {isa = PBXBuildFile; fileRef = 1074DA37223913B6006C1D51 /* chart_data.json */; };
		1154412422397C0D00795743 /* AppDelegate.swift in Sources */ = {isa = PBXBuildFile; fileRef = 115440E922397C0C00795743 /* AppDelegate.swift */; };
		1154412522397C0D00795743 /* String+Localized.swift in Sources */ = {isa = PBXBuildFile; fileRef = 115440EB22397C0C00795743 /* String+Localized.swift */; };
		1154412622397C0D00795743 /* UITableView+VisibleSectionHeaders.swift in Sources */ = {isa = PBXBuildFile; fileRef = 115440EC22397C0C00795743 /* UITableView+VisibleSectionHeaders.swift */; };
		1154412722397C0D00795743 /* NSObject+Theme.swift in Sources */ = {isa = PBXBuildFile; fileRef = 115440ED22397C0C00795743 /* NSObject+Theme.swift */; };
		1154412822397C0D00795743 /* ButtonTableViewCell.xib in Resources */ = {isa = PBXBuildFile; fileRef = 115440F222397C0C00795743 /* ButtonTableViewCell.xib */; };
		1154412922397C0D00795743 /* ButtonTableViewCell.swift in Sources */ = {isa = PBXBuildFile; fileRef = 115440F322397C0C00795743 /* ButtonTableViewCell.swift */; };
		1154412A22397C0D00795743 /* ButtonTableViewCellModel.swift in Sources */ = {isa = PBXBuildFile; fileRef = 115440F522397C0C00795743 /* ButtonTableViewCellModel.swift */; };
		1154412B22397C0D00795743 /* ChartRangeTableViewCell.xib in Resources */ = {isa = PBXBuildFile; fileRef = 115440F822397C0C00795743 /* ChartRangeTableViewCell.xib */; };
		1154412C22397C0D00795743 /* ChartRangeTableViewCell.swift in Sources */ = {isa = PBXBuildFile; fileRef = 115440F922397C0C00795743 /* ChartRangeTableViewCell.swift */; };
		1154412D22397C0D00795743 /* RangeTableViewCellModel.swift in Sources */ = {isa = PBXBuildFile; fileRef = 115440FB22397C0C00795743 /* RangeTableViewCellModel.swift */; };
		1154412E22397C0D00795743 /* TableViewHeaderViewModel.swift in Sources */ = {isa = PBXBuildFile; fileRef = 115440FE22397C0C00795743 /* TableViewHeaderViewModel.swift */; };
		1154412F22397C0D00795743 /* TableViewHeaderView.swift in Sources */ = {isa = PBXBuildFile; fileRef = 1154410022397C0C00795743 /* TableViewHeaderView.swift */; };
		1154413022397C0D00795743 /* TableViewHeaderView.xib in Resources */ = {isa = PBXBuildFile; fileRef = 1154410122397C0C00795743 /* TableViewHeaderView.xib */; };
		1154413122397C0D00795743 /* BaseTableViewCell.swift in Sources */ = {isa = PBXBuildFile; fileRef = 1154410422397C0C00795743 /* BaseTableViewCell.swift */; };
		1154413222397C0D00795743 /* BaseTableViewCellModel.swift in Sources */ = {isa = PBXBuildFile; fileRef = 1154410622397C0C00795743 /* BaseTableViewCellModel.swift */; };
		1154413322397C0D00795743 /* ChartTableViewCell.xib in Resources */ = {isa = PBXBuildFile; fileRef = 1154410922397C0C00795743 /* ChartTableViewCell.xib */; };
		1154413422397C0D00795743 /* ChartTableViewCell.swift in Sources */ = {isa = PBXBuildFile; fileRef = 1154410A22397C0C00795743 /* ChartTableViewCell.swift */; };
		1154413522397C0D00795743 /* ChartTableViewCellModel.swift in Sources */ = {isa = PBXBuildFile; fileRef = 1154410C22397C0C00795743 /* ChartTableViewCellModel.swift */; };
		1154413622397C0D00795743 /* CheckTableViewCell.xib in Resources */ = {isa = PBXBuildFile; fileRef = 1154410F22397C0C00795743 /* CheckTableViewCell.xib */; };
		1154413722397C0D00795743 /* CheckTableViewCell.swift in Sources */ = {isa = PBXBuildFile; fileRef = 1154411022397C0C00795743 /* CheckTableViewCell.swift */; };
		1154413822397C0D00795743 /* CheckTableViewCellModel.swift in Sources */ = {isa = PBXBuildFile; fileRef = 1154411222397C0C00795743 /* CheckTableViewCellModel.swift */; };
		1154413922397C0D00795743 /* SliderThumbView.swift in Sources */ = {isa = PBXBuildFile; fileRef = 1154411422397C0C00795743 /* SliderThumbView.swift */; };
		1154413A22397C0D00795743 /* RangeSlider.swift in Sources */ = {isa = PBXBuildFile; fileRef = 1154411522397C0C00795743 /* RangeSlider.swift */; };
		1154413B22397C0D00795743 /* ChartView.swift in Sources */ = {isa = PBXBuildFile; fileRef = 1154411722397C0C00795743 /* ChartView.swift */; };
		1154413C22397C0D00795743 /* RootNavigationController.swift in Sources */ = {isa = PBXBuildFile; fileRef = 1154411922397C0C00795743 /* RootNavigationController.swift */; };
		1154413D22397C0D00795743 /* MainViewController.swift in Sources */ = {isa = PBXBuildFile; fileRef = 1154411A22397C0C00795743 /* MainViewController.swift */; };
		1154413E22397C0D00795743 /* UITableView+Structure.swift in Sources */ = {isa = PBXBuildFile; fileRef = 1154411D22397C0C00795743 /* UITableView+Structure.swift */; };
		1154413F22397C0D00795743 /* TableViewStructure.swift in Sources */ = {isa = PBXBuildFile; fileRef = 1154411E22397C0C00795743 /* TableViewStructure.swift */; };
		1154414022397C0D00795743 /* Colors.swift in Sources */ = {isa = PBXBuildFile; fileRef = 1154411F22397C0C00795743 /* Colors.swift */; };
		1154414122397C0D00795743 /* ThemeManager.swift in Sources */ = {isa = PBXBuildFile; fileRef = 1154412222397C0C00795743 /* ThemeManager.swift */; };
		1154414222397C0D00795743 /* Theme.swift in Sources */ = {isa = PBXBuildFile; fileRef = 1154412322397C0C00795743 /* Theme.swift */; };
		1154414422397C9100795743 /* Animator.swift in Sources */ = {isa = PBXBuildFile; fileRef = 1154414322397C9100795743 /* Animator.swift */; };
		11649F30223502E00081ABA1 /* Assets.xcassets in Resources */ = {isa = PBXBuildFile; fileRef = 11649F24223502E00081ABA1 /* Assets.xcassets */; };
		11649F31223502E00081ABA1 /* LaunchScreen.storyboard in Resources */ = {isa = PBXBuildFile; fileRef = 11649F25223502E00081ABA1 /* LaunchScreen.storyboard */; };
		11649F32223502E00081ABA1 /* Main.storyboard in Resources */ = {isa = PBXBuildFile; fileRef = 11649F27223502E00081ABA1 /* Main.storyboard */; };
		11649FE522353E180081ABA1 /* Localizable.strings in Resources */ = {isa = PBXBuildFile; fileRef = 11649FE722353E180081ABA1 /* Localizable.strings */; };
/* End PBXBuildFile section */

/* Begin PBXFileReference section */
		106DC316223A3E1F00D6D6C2 /* TODO.md */ = {isa = PBXFileReference; lastKnownFileType = net.daringfireball.markdown; path = TODO.md; sourceTree = "<group>"; };
		1074DA37223913B6006C1D51 /* chart_data.json */ = {isa = PBXFileReference; fileEncoding = 4; lastKnownFileType = text.json; path = chart_data.json; sourceTree = "<group>"; };
		115440E922397C0C00795743 /* AppDelegate.swift */ = {isa = PBXFileReference; fileEncoding = 4; lastKnownFileType = sourcecode.swift; path = AppDelegate.swift; sourceTree = "<group>"; };
		115440EB22397C0C00795743 /* String+Localized.swift */ = {isa = PBXFileReference; fileEncoding = 4; lastKnownFileType = sourcecode.swift; path = "String+Localized.swift"; sourceTree = "<group>"; };
		115440EC22397C0C00795743 /* UITableView+VisibleSectionHeaders.swift */ = {isa = PBXFileReference; fileEncoding = 4; lastKnownFileType = sourcecode.swift; path = "UITableView+VisibleSectionHeaders.swift"; sourceTree = "<group>"; };
		115440ED22397C0C00795743 /* NSObject+Theme.swift */ = {isa = PBXFileReference; fileEncoding = 4; lastKnownFileType = sourcecode.swift; path = "NSObject+Theme.swift"; sourceTree = "<group>"; };
		115440F222397C0C00795743 /* ButtonTableViewCell.xib */ = {isa = PBXFileReference; fileEncoding = 4; lastKnownFileType = file.xib; path = ButtonTableViewCell.xib; sourceTree = "<group>"; };
		115440F322397C0C00795743 /* ButtonTableViewCell.swift */ = {isa = PBXFileReference; fileEncoding = 4; lastKnownFileType = sourcecode.swift; path = ButtonTableViewCell.swift; sourceTree = "<group>"; };
		115440F522397C0C00795743 /* ButtonTableViewCellModel.swift */ = {isa = PBXFileReference; fileEncoding = 4; lastKnownFileType = sourcecode.swift; path = ButtonTableViewCellModel.swift; sourceTree = "<group>"; };
		115440F822397C0C00795743 /* ChartRangeTableViewCell.xib */ = {isa = PBXFileReference; fileEncoding = 4; lastKnownFileType = file.xib; path = ChartRangeTableViewCell.xib; sourceTree = "<group>"; };
		115440F922397C0C00795743 /* ChartRangeTableViewCell.swift */ = {isa = PBXFileReference; fileEncoding = 4; lastKnownFileType = sourcecode.swift; path = ChartRangeTableViewCell.swift; sourceTree = "<group>"; };
		115440FB22397C0C00795743 /* RangeTableViewCellModel.swift */ = {isa = PBXFileReference; fileEncoding = 4; lastKnownFileType = sourcecode.swift; path = RangeTableViewCellModel.swift; sourceTree = "<group>"; };
		115440FE22397C0C00795743 /* TableViewHeaderViewModel.swift */ = {isa = PBXFileReference; fileEncoding = 4; lastKnownFileType = sourcecode.swift; path = TableViewHeaderViewModel.swift; sourceTree = "<group>"; };
		1154410022397C0C00795743 /* TableViewHeaderView.swift */ = {isa = PBXFileReference; fileEncoding = 4; lastKnownFileType = sourcecode.swift; path = TableViewHeaderView.swift; sourceTree = "<group>"; };
		1154410122397C0C00795743 /* TableViewHeaderView.xib */ = {isa = PBXFileReference; fileEncoding = 4; lastKnownFileType = file.xib; path = TableViewHeaderView.xib; sourceTree = "<group>"; };
		1154410422397C0C00795743 /* BaseTableViewCell.swift */ = {isa = PBXFileReference; fileEncoding = 4; lastKnownFileType = sourcecode.swift; path = BaseTableViewCell.swift; sourceTree = "<group>"; };
		1154410622397C0C00795743 /* BaseTableViewCellModel.swift */ = {isa = PBXFileReference; fileEncoding = 4; lastKnownFileType = sourcecode.swift; path = BaseTableViewCellModel.swift; sourceTree = "<group>"; };
		1154410922397C0C00795743 /* ChartTableViewCell.xib */ = {isa = PBXFileReference; fileEncoding = 4; lastKnownFileType = file.xib; path = ChartTableViewCell.xib; sourceTree = "<group>"; };
		1154410A22397C0C00795743 /* ChartTableViewCell.swift */ = {isa = PBXFileReference; fileEncoding = 4; lastKnownFileType = sourcecode.swift; path = ChartTableViewCell.swift; sourceTree = "<group>"; };
		1154410C22397C0C00795743 /* ChartTableViewCellModel.swift */ = {isa = PBXFileReference; fileEncoding = 4; lastKnownFileType = sourcecode.swift; path = ChartTableViewCellModel.swift; sourceTree = "<group>"; };
		1154410F22397C0C00795743 /* CheckTableViewCell.xib */ = {isa = PBXFileReference; fileEncoding = 4; lastKnownFileType = file.xib; path = CheckTableViewCell.xib; sourceTree = "<group>"; };
		1154411022397C0C00795743 /* CheckTableViewCell.swift */ = {isa = PBXFileReference; fileEncoding = 4; lastKnownFileType = sourcecode.swift; path = CheckTableViewCell.swift; sourceTree = "<group>"; };
		1154411222397C0C00795743 /* CheckTableViewCellModel.swift */ = {isa = PBXFileReference; fileEncoding = 4; lastKnownFileType = sourcecode.swift; path = CheckTableViewCellModel.swift; sourceTree = "<group>"; };
		1154411422397C0C00795743 /* SliderThumbView.swift */ = {isa = PBXFileReference; fileEncoding = 4; lastKnownFileType = sourcecode.swift; path = SliderThumbView.swift; sourceTree = "<group>"; };
		1154411522397C0C00795743 /* RangeSlider.swift */ = {isa = PBXFileReference; fileEncoding = 4; lastKnownFileType = sourcecode.swift; path = RangeSlider.swift; sourceTree = "<group>"; };
		1154411722397C0C00795743 /* ChartView.swift */ = {isa = PBXFileReference; fileEncoding = 4; lastKnownFileType = sourcecode.swift; path = ChartView.swift; sourceTree = "<group>"; };
		1154411922397C0C00795743 /* RootNavigationController.swift */ = {isa = PBXFileReference; fileEncoding = 4; lastKnownFileType = sourcecode.swift; path = RootNavigationController.swift; sourceTree = "<group>"; };
		1154411A22397C0C00795743 /* MainViewController.swift */ = {isa = PBXFileReference; fileEncoding = 4; lastKnownFileType = sourcecode.swift; path = MainViewController.swift; sourceTree = "<group>"; };
		1154411D22397C0C00795743 /* UITableView+Structure.swift */ = {isa = PBXFileReference; fileEncoding = 4; lastKnownFileType = sourcecode.swift; path = "UITableView+Structure.swift"; sourceTree = "<group>"; };
		1154411E22397C0C00795743 /* TableViewStructure.swift */ = {isa = PBXFileReference; fileEncoding = 4; lastKnownFileType = sourcecode.swift; path = TableViewStructure.swift; sourceTree = "<group>"; };
		1154411F22397C0C00795743 /* Colors.swift */ = {isa = PBXFileReference; fileEncoding = 4; lastKnownFileType = sourcecode.swift; path = Colors.swift; sourceTree = "<group>"; };
		1154412222397C0C00795743 /* ThemeManager.swift */ = {isa = PBXFileReference; fileEncoding = 4; lastKnownFileType = sourcecode.swift; path = ThemeManager.swift; sourceTree = "<group>"; };
		1154412322397C0C00795743 /* Theme.swift */ = {isa = PBXFileReference; fileEncoding = 4; lastKnownFileType = sourcecode.swift; path = Theme.swift; sourceTree = "<group>"; };
		1154414322397C9100795743 /* Animator.swift */ = {isa = PBXFileReference; lastKnownFileType = sourcecode.swift; path = Animator.swift; sourceTree = "<group>"; };
		11649F0E223502800081ABA1 /* TelegramCharts.app */ = {isa = PBXFileReference; explicitFileType = wrapper.application; includeInIndex = 0; path = TelegramCharts.app; sourceTree = BUILT_PRODUCTS_DIR; };
		11649F24223502E00081ABA1 /* Assets.xcassets */ = {isa = PBXFileReference; lastKnownFileType = folder.assetcatalog; path = Assets.xcassets; sourceTree = "<group>"; };
		11649F26223502E00081ABA1 /* Base */ = {isa = PBXFileReference; lastKnownFileType = file.storyboard; name = Base; path = Base.lproj/LaunchScreen.storyboard; sourceTree = "<group>"; };
		11649F28223502E00081ABA1 /* Base */ = {isa = PBXFileReference; lastKnownFileType = file.storyboard; name = Base; path = Base.lproj/Main.storyboard; sourceTree = "<group>"; };
		11649F29223502E00081ABA1 /* Info.plist */ = {isa = PBXFileReference; fileEncoding = 4; lastKnownFileType = text.plist.xml; path = Info.plist; sourceTree = "<group>"; };
		11649FE622353E180081ABA1 /* en */ = {isa = PBXFileReference; lastKnownFileType = text.plist.strings; name = en; path = en.lproj/Localizable.strings; sourceTree = "<group>"; };
/* End PBXFileReference section */

/* Begin PBXFrameworksBuildPhase section */
		11649F0B223502800081ABA1 /* Frameworks */ = {
			isa = PBXFrameworksBuildPhase;
			buildActionMask = 2147483647;
			files = (
			);
			runOnlyForDeploymentPostprocessing = 0;
		};
/* End PBXFrameworksBuildPhase section */

/* Begin PBXGroup section */
		115440E722397C0C00795743 /* Source */ = {
			isa = PBXGroup;
			children = (
				115440E822397C0C00795743 /* Other */,
				1154412022397C0C00795743 /* Services */,
				115440EA22397C0C00795743 /* Extensions */,
				1154411B22397C0C00795743 /* Helpers */,
				115440EE22397C0C00795743 /* Components */,
				1154411822397C0C00795743 /* Controllers */,
			);
			path = Source;
			sourceTree = "<group>";
		};
		115440E822397C0C00795743 /* Other */ = {
			isa = PBXGroup;
			children = (
				115440E922397C0C00795743 /* AppDelegate.swift */,
			);
			path = Other;
			sourceTree = "<group>";
		};
		115440EA22397C0C00795743 /* Extensions */ = {
			isa = PBXGroup;
			children = (
				115440EB22397C0C00795743 /* String+Localized.swift */,
				115440EC22397C0C00795743 /* UITableView+VisibleSectionHeaders.swift */,
				115440ED22397C0C00795743 /* NSObject+Theme.swift */,
			);
			path = Extensions;
			sourceTree = "<group>";
		};
		115440EE22397C0C00795743 /* Components */ = {
			isa = PBXGroup;
			children = (
				115440EF22397C0C00795743 /* Cells */,
				1154411322397C0C00795743 /* RangeSlider */,
				1154411622397C0C00795743 /* ChartView */,
			);
			path = Components;
			sourceTree = "<group>";
		};
		115440EF22397C0C00795743 /* Cells */ = {
			isa = PBXGroup;
			children = (
				115440F022397C0C00795743 /* ButtonCell */,
				115440F622397C0C00795743 /* ChartRangeCell */,
				115440FC22397C0C00795743 /* HeaderView */,
				1154410222397C0C00795743 /* BaseCell */,
				1154410722397C0C00795743 /* ChartCell */,
				1154410D22397C0C00795743 /* CheckCell */,
			);
			path = Cells;
			sourceTree = "<group>";
		};
		115440F022397C0C00795743 /* ButtonCell */ = {
			isa = PBXGroup;
			children = (
				115440F122397C0C00795743 /* Cell */,
				115440F422397C0C00795743 /* Model */,
			);
			path = ButtonCell;
			sourceTree = "<group>";
		};
		115440F122397C0C00795743 /* Cell */ = {
			isa = PBXGroup;
			children = (
				115440F222397C0C00795743 /* ButtonTableViewCell.xib */,
				115440F322397C0C00795743 /* ButtonTableViewCell.swift */,
			);
			path = Cell;
			sourceTree = "<group>";
		};
		115440F422397C0C00795743 /* Model */ = {
			isa = PBXGroup;
			children = (
				115440F522397C0C00795743 /* ButtonTableViewCellModel.swift */,
			);
			path = Model;
			sourceTree = "<group>";
		};
		115440F622397C0C00795743 /* ChartRangeCell */ = {
			isa = PBXGroup;
			children = (
				115440F722397C0C00795743 /* Cell */,
				115440FA22397C0C00795743 /* Model */,
			);
			path = ChartRangeCell;
			sourceTree = "<group>";
		};
		115440F722397C0C00795743 /* Cell */ = {
			isa = PBXGroup;
			children = (
				115440F822397C0C00795743 /* ChartRangeTableViewCell.xib */,
				115440F922397C0C00795743 /* ChartRangeTableViewCell.swift */,
			);
			path = Cell;
			sourceTree = "<group>";
		};
		115440FA22397C0C00795743 /* Model */ = {
			isa = PBXGroup;
			children = (
				115440FB22397C0C00795743 /* RangeTableViewCellModel.swift */,
			);
			path = Model;
			sourceTree = "<group>";
		};
		115440FC22397C0C00795743 /* HeaderView */ = {
			isa = PBXGroup;
			children = (
				115440FD22397C0C00795743 /* Model */,
				115440FF22397C0C00795743 /* View */,
			);
			path = HeaderView;
			sourceTree = "<group>";
		};
		115440FD22397C0C00795743 /* Model */ = {
			isa = PBXGroup;
			children = (
				115440FE22397C0C00795743 /* TableViewHeaderViewModel.swift */,
			);
			path = Model;
			sourceTree = "<group>";
		};
		115440FF22397C0C00795743 /* View */ = {
			isa = PBXGroup;
			children = (
				1154410022397C0C00795743 /* TableViewHeaderView.swift */,
				1154410122397C0C00795743 /* TableViewHeaderView.xib */,
			);
			path = View;
			sourceTree = "<group>";
		};
		1154410222397C0C00795743 /* BaseCell */ = {
			isa = PBXGroup;
			children = (
				1154410322397C0C00795743 /* Cell */,
				1154410522397C0C00795743 /* Model */,
			);
			path = BaseCell;
			sourceTree = "<group>";
		};
		1154410322397C0C00795743 /* Cell */ = {
			isa = PBXGroup;
			children = (
				1154410422397C0C00795743 /* BaseTableViewCell.swift */,
			);
			path = Cell;
			sourceTree = "<group>";
		};
		1154410522397C0C00795743 /* Model */ = {
			isa = PBXGroup;
			children = (
				1154410622397C0C00795743 /* BaseTableViewCellModel.swift */,
			);
			path = Model;
			sourceTree = "<group>";
		};
		1154410722397C0C00795743 /* ChartCell */ = {
			isa = PBXGroup;
			children = (
				1154410822397C0C00795743 /* Cell */,
				1154410B22397C0C00795743 /* Model */,
			);
			path = ChartCell;
			sourceTree = "<group>";
		};
		1154410822397C0C00795743 /* Cell */ = {
			isa = PBXGroup;
			children = (
				1154410922397C0C00795743 /* ChartTableViewCell.xib */,
				1154410A22397C0C00795743 /* ChartTableViewCell.swift */,
			);
			path = Cell;
			sourceTree = "<group>";
		};
		1154410B22397C0C00795743 /* Model */ = {
			isa = PBXGroup;
			children = (
				1154410C22397C0C00795743 /* ChartTableViewCellModel.swift */,
			);
			path = Model;
			sourceTree = "<group>";
		};
		1154410D22397C0C00795743 /* CheckCell */ = {
			isa = PBXGroup;
			children = (
				1154410E22397C0C00795743 /* Cell */,
				1154411122397C0C00795743 /* Model */,
			);
			path = CheckCell;
			sourceTree = "<group>";
		};
		1154410E22397C0C00795743 /* Cell */ = {
			isa = PBXGroup;
			children = (
				1154410F22397C0C00795743 /* CheckTableViewCell.xib */,
				1154411022397C0C00795743 /* CheckTableViewCell.swift */,
			);
			path = Cell;
			sourceTree = "<group>";
		};
		1154411122397C0C00795743 /* Model */ = {
			isa = PBXGroup;
			children = (
				1154411222397C0C00795743 /* CheckTableViewCellModel.swift */,
			);
			path = Model;
			sourceTree = "<group>";
		};
		1154411322397C0C00795743 /* RangeSlider */ = {
			isa = PBXGroup;
			children = (
				1154411422397C0C00795743 /* SliderThumbView.swift */,
				1154411522397C0C00795743 /* RangeSlider.swift */,
			);
			path = RangeSlider;
			sourceTree = "<group>";
		};
		1154411622397C0C00795743 /* ChartView */ = {
			isa = PBXGroup;
			children = (
				1154411722397C0C00795743 /* ChartView.swift */,
			);
			path = ChartView;
			sourceTree = "<group>";
		};
		1154411822397C0C00795743 /* Controllers */ = {
			isa = PBXGroup;
			children = (
				1154411922397C0C00795743 /* RootNavigationController.swift */,
				1154411A22397C0C00795743 /* MainViewController.swift */,
			);
			path = Controllers;
			sourceTree = "<group>";
		};
		1154411B22397C0C00795743 /* Helpers */ = {
			isa = PBXGroup;
			children = (
				1154411C22397C0C00795743 /* TableViewStructure */,
				1154411F22397C0C00795743 /* Colors.swift */,
				1154414322397C9100795743 /* Animator.swift */,
			);
			path = Helpers;
			sourceTree = "<group>";
		};
		1154411C22397C0C00795743 /* TableViewStructure */ = {
			isa = PBXGroup;
			children = (
				1154411D22397C0C00795743 /* UITableView+Structure.swift */,
				1154411E22397C0C00795743 /* TableViewStructure.swift */,
			);
			path = TableViewStructure;
			sourceTree = "<group>";
		};
		1154412022397C0C00795743 /* Services */ = {
			isa = PBXGroup;
			children = (
				1154412122397C0C00795743 /* ThemeManager */,
			);
			path = Services;
			sourceTree = "<group>";
		};
		1154412122397C0C00795743 /* ThemeManager */ = {
			isa = PBXGroup;
			children = (
				1154412222397C0C00795743 /* ThemeManager.swift */,
				1154412322397C0C00795743 /* Theme.swift */,
			);
			path = ThemeManager;
			sourceTree = "<group>";
		};
		11649F05223502800081ABA1 = {
			isa = PBXGroup;
			children = (
				11649F10223502800081ABA1 /* TelegramCharts */,
				11649F0F223502800081ABA1 /* Products */,
			);
			sourceTree = "<group>";
		};
		11649F0F223502800081ABA1 /* Products */ = {
			isa = PBXGroup;
			children = (
				11649F0E223502800081ABA1 /* TelegramCharts.app */,
			);
			name = Products;
			sourceTree = "<group>";
		};
		11649F10223502800081ABA1 /* TelegramCharts */ = {
			isa = PBXGroup;
			children = (
				106DC316223A3E1F00D6D6C2 /* TODO.md */,
				11649F23223502E00081ABA1 /* Resource */,
				115440E722397C0C00795743 /* Source */,
			);
			path = TelegramCharts;
			sourceTree = "<group>";
		};
		11649F23223502E00081ABA1 /* Resource */ = {
			isa = PBXGroup;
			children = (
				11649F24223502E00081ABA1 /* Assets.xcassets */,
				11649F25223502E00081ABA1 /* LaunchScreen.storyboard */,
				11649F27223502E00081ABA1 /* Main.storyboard */,
				11649F29223502E00081ABA1 /* Info.plist */,
				11649FE722353E180081ABA1 /* Localizable.strings */,
				1074DA37223913B6006C1D51 /* chart_data.json */,
			);
			path = Resource;
			sourceTree = "<group>";
		};
/* End PBXGroup section */

/* Begin PBXNativeTarget section */
		11649F0D223502800081ABA1 /* TelegramCharts */ = {
			isa = PBXNativeTarget;
			buildConfigurationList = 11649F20223502830081ABA1 /* Build configuration list for PBXNativeTarget "TelegramCharts" */;
			buildPhases = (
				11649F0A223502800081ABA1 /* Sources */,
				11649F0B223502800081ABA1 /* Frameworks */,
				11649F0C223502800081ABA1 /* Resources */,
			);
			buildRules = (
			);
			dependencies = (
			);
			name = TelegramCharts;
			productName = TelegramCharts;
			productReference = 11649F0E223502800081ABA1 /* TelegramCharts.app */;
			productType = "com.apple.product-type.application";
		};
/* End PBXNativeTarget section */

/* Begin PBXProject section */
		11649F06223502800081ABA1 /* Project object */ = {
			isa = PBXProject;
			attributes = {
				LastSwiftUpdateCheck = 1010;
				LastUpgradeCheck = 1010;
				ORGANIZATIONNAME = Rost;
				TargetAttributes = {
					11649F0D223502800081ABA1 = {
						CreatedOnToolsVersion = 10.1;
					};
				};
			};
			buildConfigurationList = 11649F09223502800081ABA1 /* Build configuration list for PBXProject "TelegramCharts" */;
			compatibilityVersion = "Xcode 9.3";
			developmentRegion = en;
			hasScannedForEncodings = 0;
			knownRegions = (
				en,
				Base,
			);
			mainGroup = 11649F05223502800081ABA1;
			productRefGroup = 11649F0F223502800081ABA1 /* Products */;
			projectDirPath = "";
			projectRoot = "";
			targets = (
				11649F0D223502800081ABA1 /* TelegramCharts */,
			);
		};
/* End PBXProject section */

/* Begin PBXResourcesBuildPhase section */
		11649F0C223502800081ABA1 /* Resources */ = {
			isa = PBXResourcesBuildPhase;
			buildActionMask = 2147483647;
			files = (
				1074DA38223913B6006C1D51 /* chart_data.json in Resources */,
				1154412822397C0D00795743 /* ButtonTableViewCell.xib in Resources */,
				1154413622397C0D00795743 /* CheckTableViewCell.xib in Resources */,
				11649F32223502E00081ABA1 /* Main.storyboard in Resources */,
				11649F30223502E00081ABA1 /* Assets.xcassets in Resources */,
				1154412B22397C0D00795743 /* ChartRangeTableViewCell.xib in Resources */,
				1154413322397C0D00795743 /* ChartTableViewCell.xib in Resources */,
				11649FE522353E180081ABA1 /* Localizable.strings in Resources */,
				11649F31223502E00081ABA1 /* LaunchScreen.storyboard in Resources */,
				1154413022397C0D00795743 /* TableViewHeaderView.xib in Resources */,
			);
			runOnlyForDeploymentPostprocessing = 0;
		};
/* End PBXResourcesBuildPhase section */

/* Begin PBXSourcesBuildPhase section */
		11649F0A223502800081ABA1 /* Sources */ = {
			isa = PBXSourcesBuildPhase;
			buildActionMask = 2147483647;
			files = (
				1154413D22397C0D00795743 /* MainViewController.swift in Sources */,
				1154414022397C0D00795743 /* Colors.swift in Sources */,
				1154412522397C0D00795743 /* String+Localized.swift in Sources */,
				1154412F22397C0D00795743 /* TableViewHeaderView.swift in Sources */,
				1154413522397C0D00795743 /* ChartTableViewCellModel.swift in Sources */,
				1154412D22397C0D00795743 /* RangeTableViewCellModel.swift in Sources */,
				1154413A22397C0D00795743 /* RangeSlider.swift in Sources */,
				1154414122397C0D00795743 /* ThemeManager.swift in Sources */,
				1154412722397C0D00795743 /* NSObject+Theme.swift in Sources */,
				1154413E22397C0D00795743 /* UITableView+Structure.swift in Sources */,
				1154413422397C0D00795743 /* ChartTableViewCell.swift in Sources */,
				1154413722397C0D00795743 /* CheckTableViewCell.swift in Sources */,
				1154412C22397C0D00795743 /* ChartRangeTableViewCell.swift in Sources */,
				1154413122397C0D00795743 /* BaseTableViewCell.swift in Sources */,
				1154413B22397C0D00795743 /* ChartView.swift in Sources */,
				1154414422397C9100795743 /* Animator.swift in Sources */,
				1154412E22397C0D00795743 /* TableViewHeaderViewModel.swift in Sources */,
				1154413822397C0D00795743 /* CheckTableViewCellModel.swift in Sources */,
				1154414222397C0D00795743 /* Theme.swift in Sources */,
				1154413C22397C0D00795743 /* RootNavigationController.swift in Sources */,
				1154412922397C0D00795743 /* ButtonTableViewCell.swift in Sources */,
				1154413F22397C0D00795743 /* TableViewStructure.swift in Sources */,
				1154413922397C0D00795743 /* SliderThumbView.swift in Sources */,
				1154412622397C0D00795743 /* UITableView+VisibleSectionHeaders.swift in Sources */,
				1154412422397C0D00795743 /* AppDelegate.swift in Sources */,
				1154413222397C0D00795743 /* BaseTableViewCellModel.swift in Sources */,
				1154412A22397C0D00795743 /* ButtonTableViewCellModel.swift in Sources */,
			);
			runOnlyForDeploymentPostprocessing = 0;
		};
/* End PBXSourcesBuildPhase section */

/* Begin PBXVariantGroup section */
		11649F25223502E00081ABA1 /* LaunchScreen.storyboard */ = {
			isa = PBXVariantGroup;
			children = (
				11649F26223502E00081ABA1 /* Base */,
			);
			name = LaunchScreen.storyboard;
			sourceTree = "<group>";
		};
		11649F27223502E00081ABA1 /* Main.storyboard */ = {
			isa = PBXVariantGroup;
			children = (
				11649F28223502E00081ABA1 /* Base */,
			);
			name = Main.storyboard;
			sourceTree = "<group>";
		};
		11649FE722353E180081ABA1 /* Localizable.strings */ = {
			isa = PBXVariantGroup;
			children = (
				11649FE622353E180081ABA1 /* en */,
			);
			name = Localizable.strings;
			sourceTree = "<group>";
		};
/* End PBXVariantGroup section */

/* Begin XCBuildConfiguration section */
		11649F1E223502830081ABA1 /* Debug */ = {
			isa = XCBuildConfiguration;
			buildSettings = {
				ALWAYS_SEARCH_USER_PATHS = NO;
				CLANG_ANALYZER_NONNULL = YES;
				CLANG_ANALYZER_NUMBER_OBJECT_CONVERSION = YES_AGGRESSIVE;
				CLANG_CXX_LANGUAGE_STANDARD = "gnu++14";
				CLANG_CXX_LIBRARY = "libc++";
				CLANG_ENABLE_MODULES = YES;
				CLANG_ENABLE_OBJC_ARC = YES;
				CLANG_ENABLE_OBJC_WEAK = YES;
				CLANG_WARN_BLOCK_CAPTURE_AUTORELEASING = YES;
				CLANG_WARN_BOOL_CONVERSION = YES;
				CLANG_WARN_COMMA = YES;
				CLANG_WARN_CONSTANT_CONVERSION = YES;
				CLANG_WARN_DEPRECATED_OBJC_IMPLEMENTATIONS = YES;
				CLANG_WARN_DIRECT_OBJC_ISA_USAGE = YES_ERROR;
				CLANG_WARN_DOCUMENTATION_COMMENTS = YES;
				CLANG_WARN_EMPTY_BODY = YES;
				CLANG_WARN_ENUM_CONVERSION = YES;
				CLANG_WARN_INFINITE_RECURSION = YES;
				CLANG_WARN_INT_CONVERSION = YES;
				CLANG_WARN_NON_LITERAL_NULL_CONVERSION = YES;
				CLANG_WARN_OBJC_IMPLICIT_RETAIN_SELF = YES;
				CLANG_WARN_OBJC_LITERAL_CONVERSION = YES;
				CLANG_WARN_OBJC_ROOT_CLASS = YES_ERROR;
				CLANG_WARN_RANGE_LOOP_ANALYSIS = YES;
				CLANG_WARN_STRICT_PROTOTYPES = YES;
				CLANG_WARN_SUSPICIOUS_MOVE = YES;
				CLANG_WARN_UNGUARDED_AVAILABILITY = YES_AGGRESSIVE;
				CLANG_WARN_UNREACHABLE_CODE = YES;
				CLANG_WARN__DUPLICATE_METHOD_MATCH = YES;
				CODE_SIGN_IDENTITY = "iPhone Developer";
				COPY_PHASE_STRIP = NO;
				DEBUG_INFORMATION_FORMAT = dwarf;
				ENABLE_STRICT_OBJC_MSGSEND = YES;
				ENABLE_TESTABILITY = YES;
				GCC_C_LANGUAGE_STANDARD = gnu11;
				GCC_DYNAMIC_NO_PIC = NO;
				GCC_NO_COMMON_BLOCKS = YES;
				GCC_OPTIMIZATION_LEVEL = 0;
				GCC_PREPROCESSOR_DEFINITIONS = (
					"DEBUG=1",
					"$(inherited)",
				);
				GCC_WARN_64_TO_32_BIT_CONVERSION = YES;
				GCC_WARN_ABOUT_RETURN_TYPE = YES_ERROR;
				GCC_WARN_UNDECLARED_SELECTOR = YES;
				GCC_WARN_UNINITIALIZED_AUTOS = YES_AGGRESSIVE;
				GCC_WARN_UNUSED_FUNCTION = YES;
				GCC_WARN_UNUSED_VARIABLE = YES;
				IPHONEOS_DEPLOYMENT_TARGET = 12.1;
				MTL_ENABLE_DEBUG_INFO = INCLUDE_SOURCE;
				MTL_FAST_MATH = YES;
				ONLY_ACTIVE_ARCH = YES;
				SDKROOT = iphoneos;
				SWIFT_ACTIVE_COMPILATION_CONDITIONS = DEBUG;
				SWIFT_OPTIMIZATION_LEVEL = "-Onone";
			};
			name = Debug;
		};
		11649F1F223502830081ABA1 /* Release */ = {
			isa = XCBuildConfiguration;
			buildSettings = {
				ALWAYS_SEARCH_USER_PATHS = NO;
				CLANG_ANALYZER_NONNULL = YES;
				CLANG_ANALYZER_NUMBER_OBJECT_CONVERSION = YES_AGGRESSIVE;
				CLANG_CXX_LANGUAGE_STANDARD = "gnu++14";
				CLANG_CXX_LIBRARY = "libc++";
				CLANG_ENABLE_MODULES = YES;
				CLANG_ENABLE_OBJC_ARC = YES;
				CLANG_ENABLE_OBJC_WEAK = YES;
				CLANG_WARN_BLOCK_CAPTURE_AUTORELEASING = YES;
				CLANG_WARN_BOOL_CONVERSION = YES;
				CLANG_WARN_COMMA = YES;
				CLANG_WARN_CONSTANT_CONVERSION = YES;
				CLANG_WARN_DEPRECATED_OBJC_IMPLEMENTATIONS = YES;
				CLANG_WARN_DIRECT_OBJC_ISA_USAGE = YES_ERROR;
				CLANG_WARN_DOCUMENTATION_COMMENTS = YES;
				CLANG_WARN_EMPTY_BODY = YES;
				CLANG_WARN_ENUM_CONVERSION = YES;
				CLANG_WARN_INFINITE_RECURSION = YES;
				CLANG_WARN_INT_CONVERSION = YES;
				CLANG_WARN_NON_LITERAL_NULL_CONVERSION = YES;
				CLANG_WARN_OBJC_IMPLICIT_RETAIN_SELF = YES;
				CLANG_WARN_OBJC_LITERAL_CONVERSION = YES;
				CLANG_WARN_OBJC_ROOT_CLASS = YES_ERROR;
				CLANG_WARN_RANGE_LOOP_ANALYSIS = YES;
				CLANG_WARN_STRICT_PROTOTYPES = YES;
				CLANG_WARN_SUSPICIOUS_MOVE = YES;
				CLANG_WARN_UNGUARDED_AVAILABILITY = YES_AGGRESSIVE;
				CLANG_WARN_UNREACHABLE_CODE = YES;
				CLANG_WARN__DUPLICATE_METHOD_MATCH = YES;
				CODE_SIGN_IDENTITY = "iPhone Developer";
				COPY_PHASE_STRIP = NO;
				DEBUG_INFORMATION_FORMAT = "dwarf-with-dsym";
				ENABLE_NS_ASSERTIONS = NO;
				ENABLE_STRICT_OBJC_MSGSEND = YES;
				GCC_C_LANGUAGE_STANDARD = gnu11;
				GCC_NO_COMMON_BLOCKS = YES;
				GCC_WARN_64_TO_32_BIT_CONVERSION = YES;
				GCC_WARN_ABOUT_RETURN_TYPE = YES_ERROR;
				GCC_WARN_UNDECLARED_SELECTOR = YES;
				GCC_WARN_UNINITIALIZED_AUTOS = YES_AGGRESSIVE;
				GCC_WARN_UNUSED_FUNCTION = YES;
				GCC_WARN_UNUSED_VARIABLE = YES;
				IPHONEOS_DEPLOYMENT_TARGET = 12.1;
				MTL_ENABLE_DEBUG_INFO = NO;
				MTL_FAST_MATH = YES;
				SDKROOT = iphoneos;
				SWIFT_COMPILATION_MODE = wholemodule;
				SWIFT_OPTIMIZATION_LEVEL = "-O";
				VALIDATE_PRODUCT = YES;
			};
			name = Release;
		};
		11649F21223502830081ABA1 /* Debug */ = {
			isa = XCBuildConfiguration;
			buildSettings = {
				ASSETCATALOG_COMPILER_APPICON_NAME = AppIcon;
				CODE_SIGN_STYLE = Automatic;
				DEVELOPMENT_TEAM = 4DZU58EZPK;
				INFOPLIST_FILE = "$(SRCROOT)/TelegramCharts/Resource/Info.plist";
				LD_RUNPATH_SEARCH_PATHS = (
					"$(inherited)",
					"@executable_path/Frameworks",
				);
				PRODUCT_BUNDLE_IDENTIFIER = com.rost.TelegramCharts;
				PRODUCT_NAME = "$(TARGET_NAME)";
				SWIFT_VERSION = 4.2;
				TARGETED_DEVICE_FAMILY = "1,2";
			};
			name = Debug;
		};
		11649F22223502830081ABA1 /* Release */ = {
			isa = XCBuildConfiguration;
			buildSettings = {
				ASSETCATALOG_COMPILER_APPICON_NAME = AppIcon;
				CODE_SIGN_STYLE = Automatic;
				DEVELOPMENT_TEAM = 4DZU58EZPK;
				INFOPLIST_FILE = "$(SRCROOT)/TelegramCharts/Resource/Info.plist";
				LD_RUNPATH_SEARCH_PATHS = (
					"$(inherited)",
					"@executable_path/Frameworks",
				);
				PRODUCT_BUNDLE_IDENTIFIER = com.rost.TelegramCharts;
				PRODUCT_NAME = "$(TARGET_NAME)";
				SWIFT_VERSION = 4.2;
				TARGETED_DEVICE_FAMILY = "1,2";
			};
			name = Release;
		};
/* End XCBuildConfiguration section */

/* Begin XCConfigurationList section */
		11649F09223502800081ABA1 /* Build configuration list for PBXProject "TelegramCharts" */ = {
			isa = XCConfigurationList;
			buildConfigurations = (
				11649F1E223502830081ABA1 /* Debug */,
				11649F1F223502830081ABA1 /* Release */,
			);
			defaultConfigurationIsVisible = 0;
			defaultConfigurationName = Release;
		};
		11649F20223502830081ABA1 /* Build configuration list for PBXNativeTarget "TelegramCharts" */ = {
			isa = XCConfigurationList;
			buildConfigurations = (
				11649F21223502830081ABA1 /* Debug */,
				11649F22223502830081ABA1 /* Release */,
			);
			defaultConfigurationIsVisible = 0;
			defaultConfigurationName = Release;
		};
/* End XCConfigurationList section */
	};
	rootObject = 11649F06223502800081ABA1 /* Project object */;
}
